
Microsoft Visual Studio Solution File, Format Version 12.00
# Visual Studio Version 16
VisualStudioVersion = 16.0.28729.10
MinimumVisualStudioVersion = 10.0.40219.1
Project("{8BC9CEB8-8B4A-11D0-8D11-00A0C91BC942}") = "1-100", "1-100\1-100.vcxproj", "{DF80B3B8-6AB9-47F8-ACED-3BBB147A3DF0}"
EndProject
Project("{8BC9CEB8-8B4A-11D0-8D11-00A0C91BC942}") = "101-200", "101-200\101-200.vcxproj", "{83E5C225-44C8-4A2A-81FB-30EF778438DC}"
EndProject
Project("{8BC9CEB8-8B4A-11D0-8D11-00A0C91BC942}") = "UnitTest101-200", "UnitTest101-200\UnitTest101-200.vcxproj", "{53B0280F-48AC-4D75-8DA1-FDFE37D7B0BA}"
EndProject
Project("{8BC9CEB8-8B4A-11D0-8D11-00A0C91BC942}") = "201-300", "201-300\201-300.vcxproj", "{15169182-C720-4149-BF07-58D19BFE96DA}"
EndProject
Project("{8BC9CEB8-8B4A-11D0-8D11-00A0C91BC942}") = "301-400", "301-400\301-400.vcxproj", "{EA56B744-3340-42AD-BA9A-62513BAC3F4C}"
EndProject
Global
	GlobalSection(SolutionConfigurationPlatforms) = preSolution
		Debug|x64 = Debug|x64
		Debug|x86 = Debug|x86
		Release|x64 = Release|x64
		Release|x86 = Release|x86
	EndGlobalSection
	GlobalSection(ProjectConfigurationPlatforms) = postSolution
		{DF80B3B8-6AB9-47F8-ACED-3BBB147A3DF0}.Debug|x64.ActiveCfg = Debug|x64
		{DF80B3B8-6AB9-47F8-ACED-3BBB147A3DF0}.Debug|x64.Build.0 = Debug|x64
		{DF80B3B8-6AB9-47F8-ACED-3BBB147A3DF0}.Debug|x86.ActiveCfg = Debug|Win32
		{DF80B3B8-6AB9-47F8-ACED-3BBB147A3DF0}.Debug|x86.Build.0 = Debug|Win32
		{DF80B3B8-6AB9-47F8-ACED-3BBB147A3DF0}.Release|x64.ActiveCfg = Release|x64
		{DF80B3B8-6AB9-47F8-ACED-3BBB147A3DF0}.Release|x64.Build.0 = Release|x64
		{DF80B3B8-6AB9-47F8-ACED-3BBB147A3DF0}.Release|x86.ActiveCfg = Release|Win32
		{DF80B3B8-6AB9-47F8-ACED-3BBB147A3DF0}.Release|x86.Build.0 = Release|Win32
		{83E5C225-44C8-4A2A-81FB-30EF778438DC}.Debug|x64.ActiveCfg = Debug|x64
		{83E5C225-44C8-4A2A-81FB-30EF778438DC}.Debug|x64.Build.0 = Debug|x64
		{83E5C225-44C8-4A2A-81FB-30EF778438DC}.Debug|x86.ActiveCfg = Debug|Win32
		{83E5C225-44C8-4A2A-81FB-30EF778438DC}.Debug|x86.Build.0 = Debug|Win32
		{83E5C225-44C8-4A2A-81FB-30EF778438DC}.Release|x64.ActiveCfg = Release|x64
		{83E5C225-44C8-4A2A-81FB-30EF778438DC}.Release|x64.Build.0 = Release|x64
		{83E5C225-44C8-4A2A-81FB-30EF778438DC}.Release|x86.ActiveCfg = Release|Win32
		{83E5C225-44C8-4A2A-81FB-30EF778438DC}.Release|x86.Build.0 = Release|Win32
		{53B0280F-48AC-4D75-8DA1-FDFE37D7B0BA}.Debug|x64.ActiveCfg = Debug|x64
		{53B0280F-48AC-4D75-8DA1-FDFE37D7B0BA}.Debug|x64.Build.0 = Debug|x64
		{53B0280F-48AC-4D75-8DA1-FDFE37D7B0BA}.Debug|x86.ActiveCfg = Debug|Win32
		{53B0280F-48AC-4D75-8DA1-FDFE37D7B0BA}.Debug|x86.Build.0 = Debug|Win32
		{53B0280F-48AC-4D75-8DA1-FDFE37D7B0BA}.Release|x64.ActiveCfg = Release|x64
		{53B0280F-48AC-4D75-8DA1-FDFE37D7B0BA}.Release|x64.Build.0 = Release|x64
		{53B0280F-48AC-4D75-8DA1-FDFE37D7B0BA}.Release|x86.ActiveCfg = Release|Win32
		{53B0280F-48AC-4D75-8DA1-FDFE37D7B0BA}.Release|x86.Build.0 = Release|Win32
		{15169182-C720-4149-BF07-58D19BFE96DA}.Debug|x64.ActiveCfg = Debug|x64
		{15169182-C720-4149-BF07-58D19BFE96DA}.Debug|x64.Build.0 = Debug|x64
		{15169182-C720-4149-BF07-58D19BFE96DA}.Debug|x86.ActiveCfg = Debug|Win32
		{15169182-C720-4149-BF07-58D19BFE96DA}.Debug|x86.Build.0 = Debug|Win32
		{15169182-C720-4149-BF07-58D19BFE96DA}.Release|x64.ActiveCfg = Release|x64
		{15169182-C720-4149-BF07-58D19BFE96DA}.Release|x64.Build.0 = Release|x64
		{15169182-C720-4149-BF07-58D19BFE96DA}.Release|x86.ActiveCfg = Release|Win32
		{15169182-C720-4149-BF07-58D19BFE96DA}.Release|x86.Build.0 = Release|Win32
		{EA56B744-3340-42AD-BA9A-62513BAC3F4C}.Debug|x64.ActiveCfg = Debug|x64
		{EA56B744-3340-42AD-BA9A-62513BAC3F4C}.Debug|x64.Build.0 = Debug|x64
		{EA56B744-3340-42AD-BA9A-62513BAC3F4C}.Debug|x86.ActiveCfg = Debug|Win32
		{EA56B744-3340-42AD-BA9A-62513BAC3F4C}.Debug|x86.Build.0 = Debug|Win32
		{EA56B744-3340-42AD-BA9A-62513BAC3F4C}.Release|x64.ActiveCfg = Release|x64
		{EA56B744-3340-42AD-BA9A-62513BAC3F4C}.Release|x64.Build.0 = Release|x64
		{EA56B744-3340-42AD-BA9A-62513BAC3F4C}.Release|x86.ActiveCfg = Release|Win32
		{EA56B744-3340-42AD-BA9A-62513BAC3F4C}.Release|x86.Build.0 = Release|Win32
	EndGlobalSection
	GlobalSection(SolutionProperties) = preSolution
		HideSolutionNode = FALSE
	EndGlobalSection
	GlobalSection(ExtensibilityGlobals) = postSolution
		SolutionGuid = {3A3B4B8A-7AAA-47DE-BF19-3062806B6EC0}
	EndGlobalSection
EndGlobal
