
Microsoft Visual Studio Solution File, Format Version 12.00
# Visual Studio Version 16
VisualStudioVersion = 16.0.28729.10
MinimumVisualStudioVersion = 10.0.40219.1
Project("{8BC9CEB8-8B4A-11D0-8D11-00A0C91BC942}") = "1-100", "1-100\1-100.vcxproj", "{DF80B3B8-6AB9-47F8-ACED-3BBB147A3DF0}"
EndProject
Project("{8BC9CEB8-8B4A-11D0-8D11-00A0C91BC942}") = "UnitTest101-200", "UnitTest101-200\UnitTest101-200.vcxproj", "{53B0280F-48AC-4D75-8DA1-FDFE37D7B0BA}"
EndProject
Project("{8BC9CEB8-8B4A-11D0-8D11-00A0C91BC942}") = "201-300", "201-300\201-300.vcxproj", "{15169182-C720-4149-BF07-58D19BFE96DA}"
EndProject
Project("{8BC9CEB8-8B4A-11D0-8D11-00A0C91BC942}") = "301-400", "301-400\301-400.vcxproj", "{EA56B744-3340-42AD-BA9A-62513BAC3F4C}"
EndProject
Project("{8BC9CEB8-8B4A-11D0-8D11-00A0C91BC942}") = "101-200", "101-200\101-200.vcxproj", "{B2971394-9C95-4DCF-B287-0C7BD37ABC66}"
EndProject
Project("{8BC9CEB8-8B4A-11D0-8D11-00A0C91BC942}") = "CommonCode", "CommonCode\CommonCode.vcxitems", "{C138796D-1D6B-428E-8BB4-CE1C5E0DB62B}"
EndProject
Project("{8BC9CEB8-8B4A-11D0-8D11-00A0C91BC942}") = "UnitTest1-100", "UnitTest1-100\UnitTest1-100.vcxproj", "{9D8012D7-2F77-4CBD-881B-7F02083532B1}"
EndProject
Project("{2150E333-8FDC-42A3-9474-1A3956D46DE8}") = "竞赛", "竞赛", "{61FF6D5A-8F9B-435E-9499-D028417014F7}"
EndProject
Project("{8BC9CEB8-8B4A-11D0-8D11-00A0C91BC942}") = "401-500", "401-500\401-500.vcxproj", "{09B0A2C5-F962-4F30-8984-D2350216ED37}"
EndProject
Project("{8BC9CEB8-8B4A-11D0-8D11-00A0C91BC942}") = "601-700", "601-700\601-700.vcxproj", "{6F80C1ED-6DFD-4306-BE4B-9706BE863420}"
EndProject
Project("{8BC9CEB8-8B4A-11D0-8D11-00A0C91BC942}") = "UnitTest201-300", "UnitTest201-300\UnitTest201-300.vcxproj", "{7836FCC8-66D3-4499-9B4B-6CB47D160F64}"
EndProject
Project("{8BC9CEB8-8B4A-11D0-8D11-00A0C91BC942}") = "701-800", "701-800\701-800.vcxproj", "{BF16F221-1789-4BE7-B4A5-3B12303FFD3C}"
EndProject
Project("{8BC9CEB8-8B4A-11D0-8D11-00A0C91BC942}") = "UnitTest701-800", "UnitTest701-800\UnitTest701-800.vcxproj", "{002E4D51-2109-408C-9460-5CABC434D9E8}"
EndProject
Project("{8BC9CEB8-8B4A-11D0-8D11-00A0C91BC942}") = "UnitTest301-400", "UnitTest301-400\UnitTest301-400.vcxproj", "{F0D4B5E4-EFA7-4C8A-A337-FD46FAE74B6E}"
EndProject
Project("{8BC9CEB8-8B4A-11D0-8D11-00A0C91BC942}") = "UnitTest501-600", "UnitTest501-600\UnitTest501-600.vcxproj", "{83CC1EB1-0EFD-4C46-93F0-E1264F1F6477}"
EndProject
Project("{8BC9CEB8-8B4A-11D0-8D11-00A0C91BC942}") = "501-600", "501-600\501-600.vcxproj", "{5F09166F-33BC-4BAB-91DB-ED9D638E8A52}"
EndProject
Project("{8BC9CEB8-8B4A-11D0-8D11-00A0C91BC942}") = "801-900", "801-900\801-900.vcxproj", "{98E19F4F-E3B9-4EA9-A7B6-C0A3C31D03DD}"
EndProject
Project("{8BC9CEB8-8B4A-11D0-8D11-00A0C91BC942}") = "C1XX", "C1XX\C1XX.vcxproj", "{D71B03EF-0D46-4C4C-BB59-18B19A9433F9}"
EndProject
Project("{8BC9CEB8-8B4A-11D0-8D11-00A0C91BC942}") = "D0XX", "D0XX\D0XX.vcxproj", "{AB4E81F9-0C80-4781-91EC-B69389044932}"
EndProject
Project("{8BC9CEB8-8B4A-11D0-8D11-00A0C91BC942}") = "UnitTestD0xx", "UnitTestD0xx\UnitTestD0xx.vcxproj", "{8BA1F196-B31E-4096-87F9-CCE41CD196AB}"
EndProject
Project("{2150E333-8FDC-42A3-9474-1A3956D46DE8}") = "普通题目", "普通题目", "{FCE485B3-0E40-46BF-A581-71B980FAEB28}"
EndProject
Project("{2150E333-8FDC-42A3-9474-1A3956D46DE8}") = "普通题目的单元测试", "普通题目的单元测试", "{14C9DACF-7564-496C-8273-3F141EFC83C2}"
EndProject
Project("{8BC9CEB8-8B4A-11D0-8D11-00A0C91BC942}") = "UnitTestC1xx", "UnitTestC1xx\UnitTestC1xx.vcxproj", "{A6DCAA5A-37ED-4683-A518-5EE79CD912C7}"
EndProject
Project("{8BC9CEB8-8B4A-11D0-8D11-00A0C91BC942}") = "UnitTest401-500", "UnitTest401-500\UnitTest401-500.vcxproj", "{61A6454E-D7EB-4195-954A-40E088145101}"
EndProject
Project("{8BC9CEB8-8B4A-11D0-8D11-00A0C91BC942}") = "1101-1200", "1101-1200\1101-1200.vcxproj", "{60450917-2A56-4B1D-9D4E-84BC0FBDF0DB}"
EndProject
Project("{8BC9CEB8-8B4A-11D0-8D11-00A0C91BC942}") = "UnitTest1101-1200", "UnitTest1101-1200\UnitTest1101-1200.vcxproj", "{031F65DA-0BE8-4DB9-BF3A-1D99D5C856B2}"
EndProject
Project("{8BC9CEB8-8B4A-11D0-8D11-00A0C91BC942}") = "UnitTest601-700", "UnitTest601-700\UnitTest601-700.vcxproj", "{14BB97E8-73D3-41F2-B34B-7F5C486C26F9}"
EndProject
Project("{2150E333-8FDC-42A3-9474-1A3956D46DE8}") = "LCP", "LCP", "{0F1549EF-6C80-4C11-8CE0-5118D76911D0}"
EndProject
Project("{8BC9CEB8-8B4A-11D0-8D11-00A0C91BC942}") = "LCP", "LCP\LCP.vcxproj", "{CA8ADC49-A65C-4258-813E-5BF6F571E0A2}"
EndProject
Project("{8BC9CEB8-8B4A-11D0-8D11-00A0C91BC942}") = "UnitTestLCP", "UnitTestLCP\UnitTestLCP.vcxproj", "{A10EB6AC-D291-4BFA-9D07-69C0CE34927D}"
EndProject
Project("{8BC9CEB8-8B4A-11D0-8D11-00A0C91BC942}") = "UnitTest801-900", "UnitTest801-900\UnitTest801-900.vcxproj", "{1AE18683-0105-4BCC-943F-CCA5C1B44229}"
EndProject
Global
	GlobalSection(SharedMSBuildProjectFiles) = preSolution
		CommonCode\CommonCode.vcxitems*{002e4d51-2109-408c-9460-5cabc434d9e8}*SharedItemsImports = 4
		CommonCode\CommonCode.vcxitems*{031f65da-0be8-4db9-bf3a-1d99d5c856b2}*SharedItemsImports = 4
		CommonCode\CommonCode.vcxitems*{09b0a2c5-f962-4f30-8984-d2350216ed37}*SharedItemsImports = 4
		CommonCode\CommonCode.vcxitems*{14bb97e8-73d3-41f2-b34b-7f5c486c26f9}*SharedItemsImports = 4
		CommonCode\CommonCode.vcxitems*{15169182-c720-4149-bf07-58d19bfe96da}*SharedItemsImports = 4
		CommonCode\CommonCode.vcxitems*{1ae18683-0105-4bcc-943f-cca5c1b44229}*SharedItemsImports = 4
		CommonCode\CommonCode.vcxitems*{53b0280f-48ac-4d75-8da1-fdfe37d7b0ba}*SharedItemsImports = 4
		CommonCode\CommonCode.vcxitems*{5f09166f-33bc-4bab-91db-ed9d638e8a52}*SharedItemsImports = 4
		CommonCode\CommonCode.vcxitems*{60450917-2a56-4b1d-9d4e-84bc0fbdf0db}*SharedItemsImports = 4
		CommonCode\CommonCode.vcxitems*{61a6454e-d7eb-4195-954a-40e088145101}*SharedItemsImports = 4
		CommonCode\CommonCode.vcxitems*{6f80c1ed-6dfd-4306-be4b-9706be863420}*SharedItemsImports = 4
		CommonCode\CommonCode.vcxitems*{7836fcc8-66d3-4499-9b4b-6cb47d160f64}*SharedItemsImports = 4
		CommonCode\CommonCode.vcxitems*{83cc1eb1-0efd-4c46-93f0-e1264f1f6477}*SharedItemsImports = 4
		CommonCode\CommonCode.vcxitems*{8ba1f196-b31e-4096-87f9-cce41cd196ab}*SharedItemsImports = 4
		CommonCode\CommonCode.vcxitems*{98e19f4f-e3b9-4ea9-a7b6-c0a3c31d03dd}*SharedItemsImports = 4
		CommonCode\CommonCode.vcxitems*{9d8012d7-2f77-4cbd-881b-7f02083532b1}*SharedItemsImports = 4
		CommonCode\CommonCode.vcxitems*{a10eb6ac-d291-4bfa-9d07-69c0ce34927d}*SharedItemsImports = 4
		CommonCode\CommonCode.vcxitems*{a6dcaa5a-37ed-4683-a518-5ee79cd912c7}*SharedItemsImports = 4
		CommonCode\CommonCode.vcxitems*{ab4e81f9-0c80-4781-91ec-b69389044932}*SharedItemsImports = 4
		CommonCode\CommonCode.vcxitems*{b2971394-9c95-4dcf-b287-0c7bd37abc66}*SharedItemsImports = 4
		CommonCode\CommonCode.vcxitems*{bf16f221-1789-4be7-b4a5-3b12303ffd3c}*SharedItemsImports = 4
		CommonCode\CommonCode.vcxitems*{c138796d-1d6b-428e-8bb4-ce1c5e0db62b}*SharedItemsImports = 9
		CommonCode\CommonCode.vcxitems*{ca8adc49-a65c-4258-813e-5bf6f571e0a2}*SharedItemsImports = 4
		CommonCode\CommonCode.vcxitems*{d71b03ef-0d46-4c4c-bb59-18b19a9433f9}*SharedItemsImports = 4
		CommonCode\CommonCode.vcxitems*{df80b3b8-6ab9-47f8-aced-3bbb147a3df0}*SharedItemsImports = 4
		CommonCode\CommonCode.vcxitems*{ea56b744-3340-42ad-ba9a-62513bac3f4c}*SharedItemsImports = 4
		CommonCode\CommonCode.vcxitems*{f0d4b5e4-efa7-4c8a-a337-fd46fae74b6e}*SharedItemsImports = 4
	EndGlobalSection
	GlobalSection(SolutionConfigurationPlatforms) = preSolution
		Debug|x64 = Debug|x64
		Debug|x86 = Debug|x86
		Release|x64 = Release|x64
		Release|x86 = Release|x86
	EndGlobalSection
	GlobalSection(ProjectConfigurationPlatforms) = postSolution
		{DF80B3B8-6AB9-47F8-ACED-3BBB147A3DF0}.Debug|x64.ActiveCfg = Debug|x64
		{DF80B3B8-6AB9-47F8-ACED-3BBB147A3DF0}.Debug|x64.Build.0 = Debug|x64
		{DF80B3B8-6AB9-47F8-ACED-3BBB147A3DF0}.Debug|x86.ActiveCfg = Debug|Win32
		{DF80B3B8-6AB9-47F8-ACED-3BBB147A3DF0}.Debug|x86.Build.0 = Debug|Win32
		{DF80B3B8-6AB9-47F8-ACED-3BBB147A3DF0}.Release|x64.ActiveCfg = Release|x64
		{DF80B3B8-6AB9-47F8-ACED-3BBB147A3DF0}.Release|x64.Build.0 = Release|x64
		{DF80B3B8-6AB9-47F8-ACED-3BBB147A3DF0}.Release|x86.ActiveCfg = Release|Win32
		{DF80B3B8-6AB9-47F8-ACED-3BBB147A3DF0}.Release|x86.Build.0 = Release|Win32
		{53B0280F-48AC-4D75-8DA1-FDFE37D7B0BA}.Debug|x64.ActiveCfg = Debug|x64
		{53B0280F-48AC-4D75-8DA1-FDFE37D7B0BA}.Debug|x64.Build.0 = Debug|x64
		{53B0280F-48AC-4D75-8DA1-FDFE37D7B0BA}.Debug|x86.ActiveCfg = Debug|Win32
		{53B0280F-48AC-4D75-8DA1-FDFE37D7B0BA}.Debug|x86.Build.0 = Debug|Win32
		{53B0280F-48AC-4D75-8DA1-FDFE37D7B0BA}.Release|x64.ActiveCfg = Release|x64
		{53B0280F-48AC-4D75-8DA1-FDFE37D7B0BA}.Release|x64.Build.0 = Release|x64
		{53B0280F-48AC-4D75-8DA1-FDFE37D7B0BA}.Release|x86.ActiveCfg = Release|Win32
		{53B0280F-48AC-4D75-8DA1-FDFE37D7B0BA}.Release|x86.Build.0 = Release|Win32
		{15169182-C720-4149-BF07-58D19BFE96DA}.Debug|x64.ActiveCfg = Debug|x64
		{15169182-C720-4149-BF07-58D19BFE96DA}.Debug|x64.Build.0 = Debug|x64
		{15169182-C720-4149-BF07-58D19BFE96DA}.Debug|x86.ActiveCfg = Debug|Win32
		{15169182-C720-4149-BF07-58D19BFE96DA}.Debug|x86.Build.0 = Debug|Win32
		{15169182-C720-4149-BF07-58D19BFE96DA}.Release|x64.ActiveCfg = Release|x64
		{15169182-C720-4149-BF07-58D19BFE96DA}.Release|x64.Build.0 = Release|x64
		{15169182-C720-4149-BF07-58D19BFE96DA}.Release|x86.ActiveCfg = Release|Win32
		{15169182-C720-4149-BF07-58D19BFE96DA}.Release|x86.Build.0 = Release|Win32
		{EA56B744-3340-42AD-BA9A-62513BAC3F4C}.Debug|x64.ActiveCfg = Debug|x64
		{EA56B744-3340-42AD-BA9A-62513BAC3F4C}.Debug|x64.Build.0 = Debug|x64
		{EA56B744-3340-42AD-BA9A-62513BAC3F4C}.Debug|x86.ActiveCfg = Debug|Win32
		{EA56B744-3340-42AD-BA9A-62513BAC3F4C}.Debug|x86.Build.0 = Debug|Win32
		{EA56B744-3340-42AD-BA9A-62513BAC3F4C}.Release|x64.ActiveCfg = Release|x64
		{EA56B744-3340-42AD-BA9A-62513BAC3F4C}.Release|x64.Build.0 = Release|x64
		{EA56B744-3340-42AD-BA9A-62513BAC3F4C}.Release|x86.ActiveCfg = Release|Win32
		{EA56B744-3340-42AD-BA9A-62513BAC3F4C}.Release|x86.Build.0 = Release|Win32
		{B2971394-9C95-4DCF-B287-0C7BD37ABC66}.Debug|x64.ActiveCfg = Debug|x64
		{B2971394-9C95-4DCF-B287-0C7BD37ABC66}.Debug|x64.Build.0 = Debug|x64
		{B2971394-9C95-4DCF-B287-0C7BD37ABC66}.Debug|x86.ActiveCfg = Debug|Win32
		{B2971394-9C95-4DCF-B287-0C7BD37ABC66}.Debug|x86.Build.0 = Debug|Win32
		{B2971394-9C95-4DCF-B287-0C7BD37ABC66}.Release|x64.ActiveCfg = Release|x64
		{B2971394-9C95-4DCF-B287-0C7BD37ABC66}.Release|x64.Build.0 = Release|x64
		{B2971394-9C95-4DCF-B287-0C7BD37ABC66}.Release|x86.ActiveCfg = Release|Win32
		{B2971394-9C95-4DCF-B287-0C7BD37ABC66}.Release|x86.Build.0 = Release|Win32
		{9D8012D7-2F77-4CBD-881B-7F02083532B1}.Debug|x64.ActiveCfg = Debug|x64
		{9D8012D7-2F77-4CBD-881B-7F02083532B1}.Debug|x64.Build.0 = Debug|x64
		{9D8012D7-2F77-4CBD-881B-7F02083532B1}.Debug|x86.ActiveCfg = Debug|Win32
		{9D8012D7-2F77-4CBD-881B-7F02083532B1}.Debug|x86.Build.0 = Debug|Win32
		{9D8012D7-2F77-4CBD-881B-7F02083532B1}.Release|x64.ActiveCfg = Release|x64
		{9D8012D7-2F77-4CBD-881B-7F02083532B1}.Release|x64.Build.0 = Release|x64
		{9D8012D7-2F77-4CBD-881B-7F02083532B1}.Release|x86.ActiveCfg = Release|Win32
		{9D8012D7-2F77-4CBD-881B-7F02083532B1}.Release|x86.Build.0 = Release|Win32
		{09B0A2C5-F962-4F30-8984-D2350216ED37}.Debug|x64.ActiveCfg = Debug|x64
		{09B0A2C5-F962-4F30-8984-D2350216ED37}.Debug|x64.Build.0 = Debug|x64
		{09B0A2C5-F962-4F30-8984-D2350216ED37}.Debug|x86.ActiveCfg = Debug|Win32
		{09B0A2C5-F962-4F30-8984-D2350216ED37}.Debug|x86.Build.0 = Debug|Win32
		{09B0A2C5-F962-4F30-8984-D2350216ED37}.Release|x64.ActiveCfg = Release|x64
		{09B0A2C5-F962-4F30-8984-D2350216ED37}.Release|x64.Build.0 = Release|x64
		{09B0A2C5-F962-4F30-8984-D2350216ED37}.Release|x86.ActiveCfg = Release|Win32
		{09B0A2C5-F962-4F30-8984-D2350216ED37}.Release|x86.Build.0 = Release|Win32
		{6F80C1ED-6DFD-4306-BE4B-9706BE863420}.Debug|x64.ActiveCfg = Debug|x64
		{6F80C1ED-6DFD-4306-BE4B-9706BE863420}.Debug|x64.Build.0 = Debug|x64
		{6F80C1ED-6DFD-4306-BE4B-9706BE863420}.Debug|x86.ActiveCfg = Debug|Win32
		{6F80C1ED-6DFD-4306-BE4B-9706BE863420}.Debug|x86.Build.0 = Debug|Win32
		{6F80C1ED-6DFD-4306-BE4B-9706BE863420}.Release|x64.ActiveCfg = Release|x64
		{6F80C1ED-6DFD-4306-BE4B-9706BE863420}.Release|x64.Build.0 = Release|x64
		{6F80C1ED-6DFD-4306-BE4B-9706BE863420}.Release|x86.ActiveCfg = Release|Win32
		{6F80C1ED-6DFD-4306-BE4B-9706BE863420}.Release|x86.Build.0 = Release|Win32
		{7836FCC8-66D3-4499-9B4B-6CB47D160F64}.Debug|x64.ActiveCfg = Debug|x64
		{7836FCC8-66D3-4499-9B4B-6CB47D160F64}.Debug|x64.Build.0 = Debug|x64
		{7836FCC8-66D3-4499-9B4B-6CB47D160F64}.Debug|x86.ActiveCfg = Debug|Win32
		{7836FCC8-66D3-4499-9B4B-6CB47D160F64}.Debug|x86.Build.0 = Debug|Win32
		{7836FCC8-66D3-4499-9B4B-6CB47D160F64}.Release|x64.ActiveCfg = Release|x64
		{7836FCC8-66D3-4499-9B4B-6CB47D160F64}.Release|x64.Build.0 = Release|x64
		{7836FCC8-66D3-4499-9B4B-6CB47D160F64}.Release|x86.ActiveCfg = Release|Win32
		{7836FCC8-66D3-4499-9B4B-6CB47D160F64}.Release|x86.Build.0 = Release|Win32
		{BF16F221-1789-4BE7-B4A5-3B12303FFD3C}.Debug|x64.ActiveCfg = Debug|x64
		{BF16F221-1789-4BE7-B4A5-3B12303FFD3C}.Debug|x64.Build.0 = Debug|x64
		{BF16F221-1789-4BE7-B4A5-3B12303FFD3C}.Debug|x86.ActiveCfg = Debug|Win32
		{BF16F221-1789-4BE7-B4A5-3B12303FFD3C}.Debug|x86.Build.0 = Debug|Win32
		{BF16F221-1789-4BE7-B4A5-3B12303FFD3C}.Release|x64.ActiveCfg = Release|x64
		{BF16F221-1789-4BE7-B4A5-3B12303FFD3C}.Release|x64.Build.0 = Release|x64
		{BF16F221-1789-4BE7-B4A5-3B12303FFD3C}.Release|x86.ActiveCfg = Release|Win32
		{BF16F221-1789-4BE7-B4A5-3B12303FFD3C}.Release|x86.Build.0 = Release|Win32
		{002E4D51-2109-408C-9460-5CABC434D9E8}.Debug|x64.ActiveCfg = Debug|x64
		{002E4D51-2109-408C-9460-5CABC434D9E8}.Debug|x64.Build.0 = Debug|x64
		{002E4D51-2109-408C-9460-5CABC434D9E8}.Debug|x86.ActiveCfg = Debug|Win32
		{002E4D51-2109-408C-9460-5CABC434D9E8}.Debug|x86.Build.0 = Debug|Win32
		{002E4D51-2109-408C-9460-5CABC434D9E8}.Release|x64.ActiveCfg = Release|x64
		{002E4D51-2109-408C-9460-5CABC434D9E8}.Release|x64.Build.0 = Release|x64
		{002E4D51-2109-408C-9460-5CABC434D9E8}.Release|x86.ActiveCfg = Release|Win32
		{002E4D51-2109-408C-9460-5CABC434D9E8}.Release|x86.Build.0 = Release|Win32
		{F0D4B5E4-EFA7-4C8A-A337-FD46FAE74B6E}.Debug|x64.ActiveCfg = Debug|x64
		{F0D4B5E4-EFA7-4C8A-A337-FD46FAE74B6E}.Debug|x64.Build.0 = Debug|x64
		{F0D4B5E4-EFA7-4C8A-A337-FD46FAE74B6E}.Debug|x86.ActiveCfg = Debug|Win32
		{F0D4B5E4-EFA7-4C8A-A337-FD46FAE74B6E}.Debug|x86.Build.0 = Debug|Win32
		{F0D4B5E4-EFA7-4C8A-A337-FD46FAE74B6E}.Release|x64.ActiveCfg = Release|x64
		{F0D4B5E4-EFA7-4C8A-A337-FD46FAE74B6E}.Release|x64.Build.0 = Release|x64
		{F0D4B5E4-EFA7-4C8A-A337-FD46FAE74B6E}.Release|x86.ActiveCfg = Release|Win32
		{F0D4B5E4-EFA7-4C8A-A337-FD46FAE74B6E}.Release|x86.Build.0 = Release|Win32
		{83CC1EB1-0EFD-4C46-93F0-E1264F1F6477}.Debug|x64.ActiveCfg = Debug|x64
		{83CC1EB1-0EFD-4C46-93F0-E1264F1F6477}.Debug|x64.Build.0 = Debug|x64
		{83CC1EB1-0EFD-4C46-93F0-E1264F1F6477}.Debug|x86.ActiveCfg = Debug|Win32
		{83CC1EB1-0EFD-4C46-93F0-E1264F1F6477}.Debug|x86.Build.0 = Debug|Win32
		{83CC1EB1-0EFD-4C46-93F0-E1264F1F6477}.Release|x64.ActiveCfg = Release|x64
		{83CC1EB1-0EFD-4C46-93F0-E1264F1F6477}.Release|x64.Build.0 = Release|x64
		{83CC1EB1-0EFD-4C46-93F0-E1264F1F6477}.Release|x86.ActiveCfg = Release|Win32
		{83CC1EB1-0EFD-4C46-93F0-E1264F1F6477}.Release|x86.Build.0 = Release|Win32
		{5F09166F-33BC-4BAB-91DB-ED9D638E8A52}.Debug|x64.ActiveCfg = Debug|x64
		{5F09166F-33BC-4BAB-91DB-ED9D638E8A52}.Debug|x64.Build.0 = Debug|x64
		{5F09166F-33BC-4BAB-91DB-ED9D638E8A52}.Debug|x86.ActiveCfg = Debug|Win32
		{5F09166F-33BC-4BAB-91DB-ED9D638E8A52}.Debug|x86.Build.0 = Debug|Win32
		{5F09166F-33BC-4BAB-91DB-ED9D638E8A52}.Release|x64.ActiveCfg = Release|x64
		{5F09166F-33BC-4BAB-91DB-ED9D638E8A52}.Release|x64.Build.0 = Release|x64
		{5F09166F-33BC-4BAB-91DB-ED9D638E8A52}.Release|x86.ActiveCfg = Release|Win32
		{5F09166F-33BC-4BAB-91DB-ED9D638E8A52}.Release|x86.Build.0 = Release|Win32
		{98E19F4F-E3B9-4EA9-A7B6-C0A3C31D03DD}.Debug|x64.ActiveCfg = Debug|x64
		{98E19F4F-E3B9-4EA9-A7B6-C0A3C31D03DD}.Debug|x64.Build.0 = Debug|x64
		{98E19F4F-E3B9-4EA9-A7B6-C0A3C31D03DD}.Debug|x86.ActiveCfg = Debug|Win32
		{98E19F4F-E3B9-4EA9-A7B6-C0A3C31D03DD}.Debug|x86.Build.0 = Debug|Win32
		{98E19F4F-E3B9-4EA9-A7B6-C0A3C31D03DD}.Release|x64.ActiveCfg = Release|x64
		{98E19F4F-E3B9-4EA9-A7B6-C0A3C31D03DD}.Release|x64.Build.0 = Release|x64
		{98E19F4F-E3B9-4EA9-A7B6-C0A3C31D03DD}.Release|x86.ActiveCfg = Release|Win32
		{98E19F4F-E3B9-4EA9-A7B6-C0A3C31D03DD}.Release|x86.Build.0 = Release|Win32
		{D71B03EF-0D46-4C4C-BB59-18B19A9433F9}.Debug|x64.ActiveCfg = Debug|x64
		{D71B03EF-0D46-4C4C-BB59-18B19A9433F9}.Debug|x64.Build.0 = Debug|x64
		{D71B03EF-0D46-4C4C-BB59-18B19A9433F9}.Debug|x86.ActiveCfg = Debug|Win32
		{D71B03EF-0D46-4C4C-BB59-18B19A9433F9}.Debug|x86.Build.0 = Debug|Win32
		{D71B03EF-0D46-4C4C-BB59-18B19A9433F9}.Release|x64.ActiveCfg = Release|x64
		{D71B03EF-0D46-4C4C-BB59-18B19A9433F9}.Release|x64.Build.0 = Release|x64
		{D71B03EF-0D46-4C4C-BB59-18B19A9433F9}.Release|x86.ActiveCfg = Release|Win32
		{D71B03EF-0D46-4C4C-BB59-18B19A9433F9}.Release|x86.Build.0 = Release|Win32
		{AB4E81F9-0C80-4781-91EC-B69389044932}.Debug|x64.ActiveCfg = Debug|x64
		{AB4E81F9-0C80-4781-91EC-B69389044932}.Debug|x64.Build.0 = Debug|x64
		{AB4E81F9-0C80-4781-91EC-B69389044932}.Debug|x86.ActiveCfg = Debug|Win32
		{AB4E81F9-0C80-4781-91EC-B69389044932}.Debug|x86.Build.0 = Debug|Win32
		{AB4E81F9-0C80-4781-91EC-B69389044932}.Release|x64.ActiveCfg = Release|x64
		{AB4E81F9-0C80-4781-91EC-B69389044932}.Release|x64.Build.0 = Release|x64
		{AB4E81F9-0C80-4781-91EC-B69389044932}.Release|x86.ActiveCfg = Release|Win32
		{AB4E81F9-0C80-4781-91EC-B69389044932}.Release|x86.Build.0 = Release|Win32
		{8BA1F196-B31E-4096-87F9-CCE41CD196AB}.Debug|x64.ActiveCfg = Debug|x64
		{8BA1F196-B31E-4096-87F9-CCE41CD196AB}.Debug|x64.Build.0 = Debug|x64
		{8BA1F196-B31E-4096-87F9-CCE41CD196AB}.Debug|x86.ActiveCfg = Debug|Win32
		{8BA1F196-B31E-4096-87F9-CCE41CD196AB}.Debug|x86.Build.0 = Debug|Win32
		{8BA1F196-B31E-4096-87F9-CCE41CD196AB}.Release|x64.ActiveCfg = Release|x64
		{8BA1F196-B31E-4096-87F9-CCE41CD196AB}.Release|x64.Build.0 = Release|x64
		{8BA1F196-B31E-4096-87F9-CCE41CD196AB}.Release|x86.ActiveCfg = Release|Win32
		{8BA1F196-B31E-4096-87F9-CCE41CD196AB}.Release|x86.Build.0 = Release|Win32
		{A6DCAA5A-37ED-4683-A518-5EE79CD912C7}.Debug|x64.ActiveCfg = Debug|x64
		{A6DCAA5A-37ED-4683-A518-5EE79CD912C7}.Debug|x64.Build.0 = Debug|x64
		{A6DCAA5A-37ED-4683-A518-5EE79CD912C7}.Debug|x86.ActiveCfg = Debug|Win32
		{A6DCAA5A-37ED-4683-A518-5EE79CD912C7}.Debug|x86.Build.0 = Debug|Win32
		{A6DCAA5A-37ED-4683-A518-5EE79CD912C7}.Release|x64.ActiveCfg = Release|x64
		{A6DCAA5A-37ED-4683-A518-5EE79CD912C7}.Release|x64.Build.0 = Release|x64
		{A6DCAA5A-37ED-4683-A518-5EE79CD912C7}.Release|x86.ActiveCfg = Release|Win32
		{A6DCAA5A-37ED-4683-A518-5EE79CD912C7}.Release|x86.Build.0 = Release|Win32
		{61A6454E-D7EB-4195-954A-40E088145101}.Debug|x64.ActiveCfg = Debug|x64
		{61A6454E-D7EB-4195-954A-40E088145101}.Debug|x64.Build.0 = Debug|x64
		{61A6454E-D7EB-4195-954A-40E088145101}.Debug|x86.ActiveCfg = Debug|Win32
		{61A6454E-D7EB-4195-954A-40E088145101}.Debug|x86.Build.0 = Debug|Win32
		{61A6454E-D7EB-4195-954A-40E088145101}.Release|x64.ActiveCfg = Release|x64
		{61A6454E-D7EB-4195-954A-40E088145101}.Release|x64.Build.0 = Release|x64
		{61A6454E-D7EB-4195-954A-40E088145101}.Release|x86.ActiveCfg = Release|Win32
		{61A6454E-D7EB-4195-954A-40E088145101}.Release|x86.Build.0 = Release|Win32
		{60450917-2A56-4B1D-9D4E-84BC0FBDF0DB}.Debug|x64.ActiveCfg = Debug|x64
		{60450917-2A56-4B1D-9D4E-84BC0FBDF0DB}.Debug|x64.Build.0 = Debug|x64
		{60450917-2A56-4B1D-9D4E-84BC0FBDF0DB}.Debug|x86.ActiveCfg = Debug|Win32
		{60450917-2A56-4B1D-9D4E-84BC0FBDF0DB}.Debug|x86.Build.0 = Debug|Win32
		{60450917-2A56-4B1D-9D4E-84BC0FBDF0DB}.Release|x64.ActiveCfg = Release|x64
		{60450917-2A56-4B1D-9D4E-84BC0FBDF0DB}.Release|x64.Build.0 = Release|x64
		{60450917-2A56-4B1D-9D4E-84BC0FBDF0DB}.Release|x86.ActiveCfg = Release|Win32
		{60450917-2A56-4B1D-9D4E-84BC0FBDF0DB}.Release|x86.Build.0 = Release|Win32
		{031F65DA-0BE8-4DB9-BF3A-1D99D5C856B2}.Debug|x64.ActiveCfg = Debug|x64
		{031F65DA-0BE8-4DB9-BF3A-1D99D5C856B2}.Debug|x64.Build.0 = Debug|x64
		{031F65DA-0BE8-4DB9-BF3A-1D99D5C856B2}.Debug|x86.ActiveCfg = Debug|Win32
		{031F65DA-0BE8-4DB9-BF3A-1D99D5C856B2}.Debug|x86.Build.0 = Debug|Win32
		{031F65DA-0BE8-4DB9-BF3A-1D99D5C856B2}.Release|x64.ActiveCfg = Release|x64
		{031F65DA-0BE8-4DB9-BF3A-1D99D5C856B2}.Release|x64.Build.0 = Release|x64
		{031F65DA-0BE8-4DB9-BF3A-1D99D5C856B2}.Release|x86.ActiveCfg = Release|Win32
		{031F65DA-0BE8-4DB9-BF3A-1D99D5C856B2}.Release|x86.Build.0 = Release|Win32
		{14BB97E8-73D3-41F2-B34B-7F5C486C26F9}.Debug|x64.ActiveCfg = Debug|x64
		{14BB97E8-73D3-41F2-B34B-7F5C486C26F9}.Debug|x64.Build.0 = Debug|x64
		{14BB97E8-73D3-41F2-B34B-7F5C486C26F9}.Debug|x86.ActiveCfg = Debug|Win32
		{14BB97E8-73D3-41F2-B34B-7F5C486C26F9}.Debug|x86.Build.0 = Debug|Win32
		{14BB97E8-73D3-41F2-B34B-7F5C486C26F9}.Release|x64.ActiveCfg = Release|x64
		{14BB97E8-73D3-41F2-B34B-7F5C486C26F9}.Release|x64.Build.0 = Release|x64
		{14BB97E8-73D3-41F2-B34B-7F5C486C26F9}.Release|x86.ActiveCfg = Release|Win32
		{14BB97E8-73D3-41F2-B34B-7F5C486C26F9}.Release|x86.Build.0 = Release|Win32
		{CA8ADC49-A65C-4258-813E-5BF6F571E0A2}.Debug|x64.ActiveCfg = Debug|x64
		{CA8ADC49-A65C-4258-813E-5BF6F571E0A2}.Debug|x64.Build.0 = Debug|x64
		{CA8ADC49-A65C-4258-813E-5BF6F571E0A2}.Debug|x86.ActiveCfg = Debug|Win32
		{CA8ADC49-A65C-4258-813E-5BF6F571E0A2}.Debug|x86.Build.0 = Debug|Win32
		{CA8ADC49-A65C-4258-813E-5BF6F571E0A2}.Release|x64.ActiveCfg = Release|x64
		{CA8ADC49-A65C-4258-813E-5BF6F571E0A2}.Release|x64.Build.0 = Release|x64
		{CA8ADC49-A65C-4258-813E-5BF6F571E0A2}.Release|x86.ActiveCfg = Release|Win32
		{CA8ADC49-A65C-4258-813E-5BF6F571E0A2}.Release|x86.Build.0 = Release|Win32
		{A10EB6AC-D291-4BFA-9D07-69C0CE34927D}.Debug|x64.ActiveCfg = Debug|x64
		{A10EB6AC-D291-4BFA-9D07-69C0CE34927D}.Debug|x64.Build.0 = Debug|x64
		{A10EB6AC-D291-4BFA-9D07-69C0CE34927D}.Debug|x86.ActiveCfg = Debug|Win32
		{A10EB6AC-D291-4BFA-9D07-69C0CE34927D}.Debug|x86.Build.0 = Debug|Win32
		{A10EB6AC-D291-4BFA-9D07-69C0CE34927D}.Release|x64.ActiveCfg = Release|x64
		{A10EB6AC-D291-4BFA-9D07-69C0CE34927D}.Release|x64.Build.0 = Release|x64
		{A10EB6AC-D291-4BFA-9D07-69C0CE34927D}.Release|x86.ActiveCfg = Release|Win32
		{A10EB6AC-D291-4BFA-9D07-69C0CE34927D}.Release|x86.Build.0 = Release|Win32
		{1AE18683-0105-4BCC-943F-CCA5C1B44229}.Debug|x64.ActiveCfg = Debug|x64
		{1AE18683-0105-4BCC-943F-CCA5C1B44229}.Debug|x64.Build.0 = Debug|x64
		{1AE18683-0105-4BCC-943F-CCA5C1B44229}.Debug|x86.ActiveCfg = Debug|Win32
		{1AE18683-0105-4BCC-943F-CCA5C1B44229}.Debug|x86.Build.0 = Debug|Win32
		{1AE18683-0105-4BCC-943F-CCA5C1B44229}.Release|x64.ActiveCfg = Release|x64
		{1AE18683-0105-4BCC-943F-CCA5C1B44229}.Release|x64.Build.0 = Release|x64
		{1AE18683-0105-4BCC-943F-CCA5C1B44229}.Release|x86.ActiveCfg = Release|Win32
		{1AE18683-0105-4BCC-943F-CCA5C1B44229}.Release|x86.Build.0 = Release|Win32
	EndGlobalSection
	GlobalSection(SolutionProperties) = preSolution
		HideSolutionNode = FALSE
	EndGlobalSection
	GlobalSection(NestedProjects) = preSolution
		{DF80B3B8-6AB9-47F8-ACED-3BBB147A3DF0} = {FCE485B3-0E40-46BF-A581-71B980FAEB28}
		{53B0280F-48AC-4D75-8DA1-FDFE37D7B0BA} = {14C9DACF-7564-496C-8273-3F141EFC83C2}
		{15169182-C720-4149-BF07-58D19BFE96DA} = {FCE485B3-0E40-46BF-A581-71B980FAEB28}
		{EA56B744-3340-42AD-BA9A-62513BAC3F4C} = {FCE485B3-0E40-46BF-A581-71B980FAEB28}
		{B2971394-9C95-4DCF-B287-0C7BD37ABC66} = {FCE485B3-0E40-46BF-A581-71B980FAEB28}
		{9D8012D7-2F77-4CBD-881B-7F02083532B1} = {14C9DACF-7564-496C-8273-3F141EFC83C2}
		{09B0A2C5-F962-4F30-8984-D2350216ED37} = {FCE485B3-0E40-46BF-A581-71B980FAEB28}
		{6F80C1ED-6DFD-4306-BE4B-9706BE863420} = {FCE485B3-0E40-46BF-A581-71B980FAEB28}
		{7836FCC8-66D3-4499-9B4B-6CB47D160F64} = {14C9DACF-7564-496C-8273-3F141EFC83C2}
		{BF16F221-1789-4BE7-B4A5-3B12303FFD3C} = {FCE485B3-0E40-46BF-A581-71B980FAEB28}
		{002E4D51-2109-408C-9460-5CABC434D9E8} = {14C9DACF-7564-496C-8273-3F141EFC83C2}
		{F0D4B5E4-EFA7-4C8A-A337-FD46FAE74B6E} = {14C9DACF-7564-496C-8273-3F141EFC83C2}
		{83CC1EB1-0EFD-4C46-93F0-E1264F1F6477} = {14C9DACF-7564-496C-8273-3F141EFC83C2}
		{5F09166F-33BC-4BAB-91DB-ED9D638E8A52} = {FCE485B3-0E40-46BF-A581-71B980FAEB28}
		{98E19F4F-E3B9-4EA9-A7B6-C0A3C31D03DD} = {FCE485B3-0E40-46BF-A581-71B980FAEB28}
		{D71B03EF-0D46-4C4C-BB59-18B19A9433F9} = {61FF6D5A-8F9B-435E-9499-D028417014F7}
		{AB4E81F9-0C80-4781-91EC-B69389044932} = {61FF6D5A-8F9B-435E-9499-D028417014F7}
		{8BA1F196-B31E-4096-87F9-CCE41CD196AB} = {61FF6D5A-8F9B-435E-9499-D028417014F7}
		{A6DCAA5A-37ED-4683-A518-5EE79CD912C7} = {61FF6D5A-8F9B-435E-9499-D028417014F7}
		{61A6454E-D7EB-4195-954A-40E088145101} = {14C9DACF-7564-496C-8273-3F141EFC83C2}
		{60450917-2A56-4B1D-9D4E-84BC0FBDF0DB} = {FCE485B3-0E40-46BF-A581-71B980FAEB28}
		{031F65DA-0BE8-4DB9-BF3A-1D99D5C856B2} = {14C9DACF-7564-496C-8273-3F141EFC83C2}
		{14BB97E8-73D3-41F2-B34B-7F5C486C26F9} = {14C9DACF-7564-496C-8273-3F141EFC83C2}
		{CA8ADC49-A65C-4258-813E-5BF6F571E0A2} = {0F1549EF-6C80-4C11-8CE0-5118D76911D0}
		{A10EB6AC-D291-4BFA-9D07-69C0CE34927D} = {0F1549EF-6C80-4C11-8CE0-5118D76911D0}
		{1AE18683-0105-4BCC-943F-CCA5C1B44229} = {14C9DACF-7564-496C-8273-3F141EFC83C2}
	EndGlobalSection
	GlobalSection(ExtensibilityGlobals) = postSolution
		SolutionGuid = {3A3B4B8A-7AAA-47DE-BF19-3062806B6EC0}
	EndGlobalSection
EndGlobal
