<?xml version="1.0" encoding="utf-8"?>
<Project ToolsVersion="4.0" xmlns="http://schemas.microsoft.com/developer/msbuild/2003">
  <ItemGroup>
    <Filter Include="源文件">
      <UniqueIdentifier>{4FC737F1-C7A5-4376-A066-2A32D752A2FF}</UniqueIdentifier>
      <Extensions>cpp;c;cc;cxx;def;odl;idl;hpj;bat;asm;asmx</Extensions>
    </Filter>
    <Filter Include="头文件">
      <UniqueIdentifier>{93995380-89BD-4b04-88EB-625FBE52EBFB}</UniqueIdentifier>
      <Extensions>h;hh;hpp;hxx;hm;inl;inc;ipp;xsd</Extensions>
    </Filter>
    <Filter Include="资源文件">
      <UniqueIdentifier>{67DA6AB6-F800-4c08-8B7A-83BB121AAD01}</UniqueIdentifier>
      <Extensions>rc;ico;cur;bmp;dlg;rc2;rct;bin;rgs;gif;jpg;jpeg;jpe;resx;tiff;tif;png;wav;mfcribbon-ms</Extensions>
    </Filter>
  </ItemGroup>
  <ItemGroup>
    <ClInclude Include="0122.hpp">
      <Filter>头文件</Filter>
    </ClInclude>
    <ClInclude Include="0136.hpp">
      <Filter>头文件</Filter>
    </ClInclude>
    <ClInclude Include="0189.hpp">
      <Filter>头文件</Filter>
    </ClInclude>
    <ClInclude Include="0125.hpp">
      <Filter>头文件</Filter>
    </ClInclude>
    <ClInclude Include="0141.hpp">
      <Filter>头文件</Filter>
    </ClInclude>
    <ClInclude Include="0104.hpp">
      <Filter>头文件</Filter>
    </ClInclude>
    <ClInclude Include="0101.hpp">
      <Filter>头文件</Filter>
    </ClInclude>
    <ClInclude Include="0102.hpp">
      <Filter>头文件</Filter>
    </ClInclude>
    <ClInclude Include="0108.hpp">
      <Filter>头文件</Filter>
    </ClInclude>
    <ClInclude Include="0155.hpp">
      <Filter>头文件</Filter>
    </ClInclude>
    <ClInclude Include="0121.hpp">
      <Filter>头文件</Filter>
    </ClInclude>
    <ClInclude Include="0198.hpp">
      <Filter>头文件</Filter>
    </ClInclude>
    <ClInclude Include="0191.hpp">
      <Filter>头文件</Filter>
    </ClInclude>
    <ClInclude Include="0190.hpp">
      <Filter>头文件</Filter>
    </ClInclude>
    <ClInclude Include="0118.hpp">
      <Filter>头文件</Filter>
    </ClInclude>
    <ClInclude Include="0200.hpp">
      <Filter>头文件</Filter>
    </ClInclude>
    <ClInclude Include="0150.hpp">
      <Filter>头文件</Filter>
    </ClInclude>
    <ClInclude Include="0133.hpp">
      <Filter>头文件</Filter>
    </ClInclude>
    <ClInclude Include="0167.hpp">
      <Filter>头文件</Filter>
    </ClInclude>
    <ClInclude Include="0119.hpp">
      <Filter>头文件</Filter>
    </ClInclude>
    <ClInclude Include="0151.hpp">
      <Filter>头文件</Filter>
    </ClInclude>
    <ClInclude Include="0142.hpp">
      <Filter>头文件</Filter>
    </ClInclude>
    <ClInclude Include="0160.hpp">
      <Filter>头文件</Filter>
    </ClInclude>
    <ClInclude Include="0138.hpp">
      <Filter>头文件</Filter>
    </ClInclude>
    <ClInclude Include="0170.hpp">
      <Filter>头文件</Filter>
    </ClInclude>
    <ClInclude Include="0162.hpp">
      <Filter>头文件</Filter>
    </ClInclude>
    <ClInclude Include="0153.hpp">
      <Filter>头文件</Filter>
    </ClInclude>
    <ClInclude Include="0154.hpp">
      <Filter>头文件</Filter>
    </ClInclude>
    <ClInclude Include="0124.hpp">
      <Filter>头文件</Filter>
    </ClInclude>
    <ClInclude Include="0128.hpp">
      <Filter>头文件</Filter>
    </ClInclude>
    <ClInclude Include="0172.hpp">
      <Filter>头文件</Filter>
    </ClInclude>
    <ClInclude Include="0103.hpp">
      <Filter>头文件</Filter>
    </ClInclude>
    <ClInclude Include="0105.hpp">
      <Filter>头文件</Filter>
    </ClInclude>
    <ClInclude Include="0106.hpp">
      <Filter>头文件</Filter>
    </ClInclude>
    <ClInclude Include="0144.hpp">
      <Filter>头文件</Filter>
    </ClInclude>
    <ClInclude Include="0145.hpp">
      <Filter>头文件</Filter>
    </ClInclude>
    <ClInclude Include="0116.hpp">
      <Filter>头文件</Filter>
    </ClInclude>
    <ClInclude Include="0117.hpp">
      <Filter>头文件</Filter>
    </ClInclude>
    <ClInclude Include="0171.hpp">
      <Filter>头文件</Filter>
    </ClInclude>
    <ClInclude Include="0166.hpp">
      <Filter>头文件</Filter>
    </ClInclude>
    <ClInclude Include="0110.hpp">
      <Filter>头文件</Filter>
    </ClInclude>
    <ClInclude Include="0127.hpp">
      <Filter>头文件</Filter>
    </ClInclude>
    <ClInclude Include="0126.hpp">
      <Filter>头文件</Filter>
    </ClInclude>
    <ClInclude Include="..\1-100\0169.hpp">
      <Filter>头文件</Filter>
    </ClInclude>
    <ClInclude Include="0130.hpp">
      <Filter>头文件</Filter>
    </ClInclude>
    <ClInclude Include="0199.hpp">
      <Filter>头文件</Filter>
    </ClInclude>
    <ClInclude Include="0146.hpp">
      <Filter>头文件</Filter>
    </ClInclude>
    <ClInclude Include="0112.hpp">
      <Filter>头文件</Filter>
    </ClInclude>
    <ClInclude Include="0123.hpp">
      <Filter>头文件</Filter>
    </ClInclude>
    <ClInclude Include="0188.hpp">
      <Filter>头文件</Filter>
    </ClInclude>
  </ItemGroup>
</Project>