<?xml version="1.0" encoding="utf-8"?>
<Project ToolsVersion="4.0" xmlns="http://schemas.microsoft.com/developer/msbuild/2003">
  <ItemGroup>
    <Filter Include="源文件">
      <UniqueIdentifier>{4FC737F1-C7A5-4376-A066-2A32D752A2FF}</UniqueIdentifier>
      <Extensions>cpp;c;cc;cxx;def;odl;idl;hpj;bat;asm;asmx</Extensions>
    </Filter>
    <Filter Include="头文件">
      <UniqueIdentifier>{93995380-89BD-4b04-88EB-625FBE52EBFB}</UniqueIdentifier>
      <Extensions>h;hh;hpp;hxx;hm;inl;inc;ipp;xsd</Extensions>
    </Filter>
    <Filter Include="资源文件">
      <UniqueIdentifier>{67DA6AB6-F800-4c08-8B7A-83BB121AAD01}</UniqueIdentifier>
      <Extensions>rc;ico;cur;bmp;dlg;rc2;rct;bin;rgs;gif;jpg;jpeg;jpe;resx;tiff;tif;png;wav;mfcribbon-ms</Extensions>
    </Filter>
  </ItemGroup>
  <ItemGroup>
    <ClInclude Include="0026.hpp">
      <Filter>头文件</Filter>
    </ClInclude>
    <ClInclude Include="0036.hpp">
      <Filter>头文件</Filter>
    </ClInclude>
    <ClInclude Include="0048.hpp">
      <Filter>头文件</Filter>
    </ClInclude>
    <ClInclude Include="0007.hpp">
      <Filter>头文件</Filter>
    </ClInclude>
    <ClInclude Include="0008.hpp">
      <Filter>头文件</Filter>
    </ClInclude>
    <ClInclude Include="0028.hpp">
      <Filter>头文件</Filter>
    </ClInclude>
    <ClInclude Include="0038.hpp">
      <Filter>头文件</Filter>
    </ClInclude>
    <ClInclude Include="0014.hpp">
      <Filter>头文件</Filter>
    </ClInclude>
    <ClInclude Include="0019.hpp">
      <Filter>头文件</Filter>
    </ClInclude>
    <ClInclude Include="0021.hpp">
      <Filter>头文件</Filter>
    </ClInclude>
    <ClInclude Include="0098.hpp">
      <Filter>头文件</Filter>
    </ClInclude>
    <ClInclude Include="0001.hpp">
      <Filter>头文件</Filter>
    </ClInclude>
    <ClInclude Include="0066.hpp">
      <Filter>头文件</Filter>
    </ClInclude>
    <ClInclude Include="0088.hpp">
      <Filter>头文件</Filter>
    </ClInclude>
    <ClInclude Include="0070.hpp">
      <Filter>头文件</Filter>
    </ClInclude>
    <ClInclude Include="0053.hpp">
      <Filter>头文件</Filter>
    </ClInclude>
    <ClInclude Include="0013.hpp">
      <Filter>头文件</Filter>
    </ClInclude>
    <ClInclude Include="0020.hpp">
      <Filter>头文件</Filter>
    </ClInclude>
    <ClInclude Include="0094.hpp">
      <Filter>头文件</Filter>
    </ClInclude>
    <ClInclude Include="0054.hpp">
      <Filter>头文件</Filter>
    </ClInclude>
    <ClInclude Include="0067.hpp">
      <Filter>头文件</Filter>
    </ClInclude>
    <ClInclude Include="0027.hpp">
      <Filter>头文件</Filter>
    </ClInclude>
    <ClInclude Include="0002.hpp">
      <Filter>头文件</Filter>
    </ClInclude>
    <ClInclude Include="0061.hpp">
      <Filter>头文件</Filter>
    </ClInclude>
    <ClInclude Include="0049.hpp">
      <Filter>头文件</Filter>
    </ClInclude>
    <ClInclude Include="0003.hpp">
      <Filter>头文件</Filter>
    </ClInclude>
    <ClInclude Include="0069.hpp">
      <Filter>头文件</Filter>
    </ClInclude>
    <ClInclude Include="0033.hpp">
      <Filter>头文件</Filter>
    </ClInclude>
    <ClInclude Include="0034.hpp">
      <Filter>头文件</Filter>
    </ClInclude>
    <ClInclude Include="0050.hpp">
      <Filter>头文件</Filter>
    </ClInclude>
    <ClInclude Include="0005.hpp">
      <Filter>头文件</Filter>
    </ClInclude>
    <ClInclude Include="0043.hpp">
      <Filter>头文件</Filter>
    </ClInclude>
    <ClInclude Include="0032.hpp">
      <Filter>头文件</Filter>
    </ClInclude>
    <ClInclude Include="0085.hpp">
      <Filter>头文件</Filter>
    </ClInclude>
    <ClInclude Include="0084.hpp">
      <Filter>头文件</Filter>
    </ClInclude>
    <ClInclude Include="0037.hpp">
      <Filter>头文件</Filter>
    </ClInclude>
    <ClInclude Include="0006.hpp">
      <Filter>头文件</Filter>
    </ClInclude>
    <ClInclude Include="0017.hpp">
      <Filter>头文件</Filter>
    </ClInclude>
    <ClInclude Include="0046.hpp">
      <Filter>头文件</Filter>
    </ClInclude>
    <ClInclude Include="0047.hpp">
      <Filter>头文件</Filter>
    </ClInclude>
    <ClInclude Include="0031.hpp">
      <Filter>头文件</Filter>
    </ClInclude>
    <ClInclude Include="0060.hpp">
      <Filter>头文件</Filter>
    </ClInclude>
    <ClInclude Include="0045.hpp">
      <Filter>头文件</Filter>
    </ClInclude>
    <ClInclude Include="0022.hpp">
      <Filter>头文件</Filter>
    </ClInclude>
    <ClInclude Include="0078.hpp">
      <Filter>头文件</Filter>
    </ClInclude>
    <ClInclude Include="0079.hpp">
      <Filter>头文件</Filter>
    </ClInclude>
    <ClInclude Include="0075.hpp">
      <Filter>头文件</Filter>
    </ClInclude>
    <ClInclude Include="0056.hpp">
      <Filter>头文件</Filter>
    </ClInclude>
    <ClInclude Include="0074.hpp">
      <Filter>头文件</Filter>
    </ClInclude>
    <ClInclude Include="0029.hpp">
      <Filter>头文件</Filter>
    </ClInclude>
    <ClInclude Include="0011.hpp">
      <Filter>头文件</Filter>
    </ClInclude>
    <ClInclude Include="0041.hpp">
      <Filter>头文件</Filter>
    </ClInclude>
    <ClInclude Include="0083.hpp">
      <Filter>头文件</Filter>
    </ClInclude>
    <ClInclude Include="0076.hpp">
      <Filter>头文件</Filter>
    </ClInclude>
    <ClInclude Include="0004.hpp">
      <Filter>头文件</Filter>
    </ClInclude>
    <ClInclude Include="0010.hpp">
      <Filter>头文件</Filter>
    </ClInclude>
    <ClInclude Include="0082.hpp">
      <Filter>头文件</Filter>
    </ClInclude>
    <ClInclude Include="0042.hpp">
      <Filter>头文件</Filter>
    </ClInclude>
    <ClInclude Include="0072.hpp">
      <Filter>头文件</Filter>
    </ClInclude>
    <ClInclude Include="0055.hpp">
      <Filter>头文件</Filter>
    </ClInclude>
    <ClInclude Include="0023.hpp">
      <Filter>头文件</Filter>
    </ClInclude>
    <ClInclude Include="0081.hpp">
      <Filter>头文件</Filter>
    </ClInclude>
    <ClInclude Include="0025.hpp">
      <Filter>头文件</Filter>
    </ClInclude>
    <ClInclude Include="0009.hpp">
      <Filter>头文件</Filter>
    </ClInclude>
    <ClInclude Include="0015.hpp">
      <Filter>头文件</Filter>
    </ClInclude>
  </ItemGroup>
  <ItemGroup>
    <None Include="0090.hpp">
      <Filter>头文件</Filter>
    </None>
  </ItemGroup>
</Project>