<?xml version="1.0" encoding="utf-8"?>
<Project ToolsVersion="4.0" xmlns="http://schemas.microsoft.com/developer/msbuild/2003">
  <ItemGroup>
    <Filter Include="源文件">
      <UniqueIdentifier>{4FC737F1-C7A5-4376-A066-2A32D752A2FF}</UniqueIdentifier>
      <Extensions>cpp;c;cc;cxx;def;odl;idl;hpj;bat;asm;asmx</Extensions>
    </Filter>
    <Filter Include="头文件">
      <UniqueIdentifier>{93995380-89BD-4b04-88EB-625FBE52EBFB}</UniqueIdentifier>
      <Extensions>h;hh;hpp;hxx;hm;inl;inc;ipp;xsd</Extensions>
    </Filter>
    <Filter Include="资源文件">
      <UniqueIdentifier>{67DA6AB6-F800-4c08-8B7A-83BB121AAD01}</UniqueIdentifier>
      <Extensions>rc;ico;cur;bmp;dlg;rc2;rct;bin;rgs;gif;jpg;jpeg;jpe;resx;tiff;tif;png;wav;mfcribbon-ms</Extensions>
    </Filter>
    <Filter Include="源文件\171">
      <UniqueIdentifier>{560ae7e7-56da-4398-b05a-6b1b2d0c55e4}</UniqueIdentifier>
    </Filter>
    <Filter Include="源文件\170">
      <UniqueIdentifier>{0890a7b8-34cd-47c0-b20a-a5eb58fba902}</UniqueIdentifier>
    </Filter>
    <Filter Include="源文件\172">
      <UniqueIdentifier>{62a6d729-0058-41be-993a-51e8d0b25311}</UniqueIdentifier>
    </Filter>
    <Filter Include="源文件\173">
      <UniqueIdentifier>{badce404-a5f1-4033-b649-c23db4baed7d}</UniqueIdentifier>
    </Filter>
    <Filter Include="源文件\179">
      <UniqueIdentifier>{38e61315-3143-48be-a885-adaa98ead3a9}</UniqueIdentifier>
    </Filter>
    <Filter Include="源文件\180">
      <UniqueIdentifier>{39a3fe0a-e127-4105-81f7-3c235f698e57}</UniqueIdentifier>
    </Filter>
    <Filter Include="源文件\181">
      <UniqueIdentifier>{0f041405-a1a9-419b-9f4b-4661bcf0aeb3}</UniqueIdentifier>
    </Filter>
    <Filter Include="源文件\182">
      <UniqueIdentifier>{0e99600f-5caf-4753-98cb-d804df7788ed}</UniqueIdentifier>
    </Filter>
    <Filter Include="源文件\183">
      <UniqueIdentifier>{4b10ad19-be6f-4969-abdf-cf768f627956}</UniqueIdentifier>
    </Filter>
    <Filter Include="源文件\185">
      <UniqueIdentifier>{b8c0cb68-7788-4929-9ab1-1cd7de09dfdc}</UniqueIdentifier>
    </Filter>
  </ItemGroup>
  <ItemGroup>
    <ClCompile Include="pch.cpp">
      <Filter>源文件</Filter>
    </ClCompile>
    <ClCompile Include="UnitTest5249.cpp">
      <Filter>源文件</Filter>
    </ClCompile>
    <ClCompile Include="UnitTest5255.cpp">
      <Filter>源文件</Filter>
    </ClCompile>
    <ClCompile Include="UnitTest5256.cpp">
      <Filter>源文件</Filter>
    </ClCompile>
    <ClCompile Include="UnitTest5266.cpp">
      <Filter>源文件</Filter>
    </ClCompile>
    <ClCompile Include="UnitTest5293.cpp">
      <Filter>源文件</Filter>
    </ClCompile>
    <ClCompile Include="UnitTest5298.cpp">
      <Filter>源文件</Filter>
    </ClCompile>
    <ClCompile Include="UnitTest5307.cpp">
      <Filter>源文件\171</Filter>
    </ClCompile>
    <ClCompile Include="UnitTest5309.cpp">
      <Filter>源文件\171</Filter>
    </ClCompile>
    <ClCompile Include="UnitTest5303.cpp">
      <Filter>源文件\170</Filter>
    </ClCompile>
    <ClCompile Include="UnitTest5304.cpp">
      <Filter>源文件\170</Filter>
    </ClCompile>
    <ClCompile Include="UnitTest5305.cpp">
      <Filter>源文件\170</Filter>
    </ClCompile>
    <ClCompile Include="UnitTest5306.cpp">
      <Filter>源文件\170</Filter>
    </ClCompile>
    <ClCompile Include="UnitTest5310.cpp">
      <Filter>源文件\171</Filter>
    </ClCompile>
    <ClCompile Include="UnitTest5315.cpp">
      <Filter>源文件\172</Filter>
    </ClCompile>
    <ClCompile Include="UnitTest5316.cpp">
      <Filter>源文件\172</Filter>
    </ClCompile>
    <ClCompile Include="UnitTest5317.cpp">
      <Filter>源文件\172</Filter>
    </ClCompile>
    <ClCompile Include="UnitTest5318.cpp">
      <Filter>源文件\172</Filter>
    </ClCompile>
    <ClCompile Include="UnitTest5319.cpp">
      <Filter>源文件\173</Filter>
    </ClCompile>
    <ClCompile Include="UnitTest5308.cpp">
      <Filter>源文件</Filter>
    </ClCompile>
    <ClCompile Include="UnitTest5320.cpp">
      <Filter>源文件\173</Filter>
    </ClCompile>
    <ClCompile Include="UnitTest5321.cpp">
      <Filter>源文件\173</Filter>
    </ClCompile>
    <ClCompile Include="UnitTest5322.cpp">
      <Filter>源文件\173</Filter>
    </ClCompile>
    <ClCompile Include="UnitTest5353.cpp">
      <Filter>源文件\179</Filter>
    </ClCompile>
    <ClCompile Include="UnitTest5354.cpp">
      <Filter>源文件\179</Filter>
    </ClCompile>
    <ClCompile Include="UnitTest5355.cpp">
      <Filter>源文件\179</Filter>
    </ClCompile>
    <ClCompile Include="UnitTest5356.cpp">
      <Filter>源文件\180</Filter>
    </ClCompile>
    <ClCompile Include="UnitTest5359.cpp">
      <Filter>源文件\180</Filter>
    </ClCompile>
    <ClCompile Include="UnitTest5178.cpp">
      <Filter>源文件\181</Filter>
    </ClCompile>
    <ClCompile Include="UnitTest5367.cpp">
      <Filter>源文件\181</Filter>
    </ClCompile>
    <ClCompile Include="UnitTest5366.cpp">
      <Filter>源文件\181</Filter>
    </ClCompile>
    <ClCompile Include="UnitTest5371.cpp">
      <Filter>源文件\182</Filter>
    </ClCompile>
    <ClCompile Include="UnitTest5195.cpp">
      <Filter>源文件\183</Filter>
    </ClCompile>
    <ClCompile Include="UnitTest5389.cpp">
      <Filter>源文件\185</Filter>
    </ClCompile>
    <ClCompile Include="UnitTest5390.cpp">
      <Filter>源文件\185</Filter>
    </ClCompile>
  </ItemGroup>
  <ItemGroup>
    <ClInclude Include="pch.h">
      <Filter>头文件</Filter>
    </ClInclude>
  </ItemGroup>
</Project>