<?xml version="1.0" encoding="utf-8"?>
<Project ToolsVersion="4.0" xmlns="http://schemas.microsoft.com/developer/msbuild/2003">
  <ItemGroup>
    <Filter Include="源文件">
      <UniqueIdentifier>{4FC737F1-C7A5-4376-A066-2A32D752A2FF}</UniqueIdentifier>
      <Extensions>cpp;c;cc;cxx;def;odl;idl;hpj;bat;asm;asmx</Extensions>
    </Filter>
    <Filter Include="头文件">
      <UniqueIdentifier>{93995380-89BD-4b04-88EB-625FBE52EBFB}</UniqueIdentifier>
      <Extensions>h;hh;hpp;hxx;hm;inl;inc;ipp;xsd</Extensions>
    </Filter>
    <Filter Include="资源文件">
      <UniqueIdentifier>{67DA6AB6-F800-4c08-8B7A-83BB121AAD01}</UniqueIdentifier>
      <Extensions>rc;ico;cur;bmp;dlg;rc2;rct;bin;rgs;gif;jpg;jpeg;jpe;resx;tiff;tif;png;wav;mfcribbon-ms</Extensions>
    </Filter>
    <Filter Include="头文件\131">
      <UniqueIdentifier>{86c66e8e-d102-45bd-afe8-11041419a138}</UniqueIdentifier>
    </Filter>
    <Filter Include="头文件\132">
      <UniqueIdentifier>{8a1b506b-1bd5-4a89-bdb5-f852b2e93bb7}</UniqueIdentifier>
    </Filter>
    <Filter Include="头文件\133">
      <UniqueIdentifier>{53c050d4-5db3-46b4-a7ef-0f8a41f3da6b}</UniqueIdentifier>
    </Filter>
    <Filter Include="头文件\143">
      <UniqueIdentifier>{128859ac-06f4-40b3-bc1d-b35b37d3dbe0}</UniqueIdentifier>
    </Filter>
    <Filter Include="头文件\144">
      <UniqueIdentifier>{92e67be5-3c16-4cf5-ac83-e9cde68774b3}</UniqueIdentifier>
    </Filter>
    <Filter Include="头文件\161">
      <UniqueIdentifier>{ed3b5583-d8fd-4dca-a37e-d9945fa57cdf}</UniqueIdentifier>
    </Filter>
    <Filter Include="头文件\162">
      <UniqueIdentifier>{ab6b48d6-abd5-4427-824d-2e0ae1d8d875}</UniqueIdentifier>
    </Filter>
    <Filter Include="头文件\163">
      <UniqueIdentifier>{67155bbb-e117-402a-b8a6-270d5141ef51}</UniqueIdentifier>
    </Filter>
    <Filter Include="头文件\165">
      <UniqueIdentifier>{d6560fe4-8633-4fea-a102-be2ad8b285a9}</UniqueIdentifier>
    </Filter>
    <Filter Include="头文件\168">
      <UniqueIdentifier>{11311f2c-d78f-497b-8651-d317e5d72b52}</UniqueIdentifier>
    </Filter>
    <Filter Include="头文件\169">
      <UniqueIdentifier>{21fb887d-f428-4d6e-ba6b-ee137a8a880a}</UniqueIdentifier>
    </Filter>
    <Filter Include="头文件\170">
      <UniqueIdentifier>{e68dfacb-d3a2-4915-b47e-2a545c80e59f}</UniqueIdentifier>
    </Filter>
    <Filter Include="头文件\171">
      <UniqueIdentifier>{c8ec1163-4a8b-4fef-8fe9-87c41809d79c}</UniqueIdentifier>
    </Filter>
    <Filter Include="头文件\172">
      <UniqueIdentifier>{f5f80cf7-9a98-4d76-89c7-cd218b61668a}</UniqueIdentifier>
    </Filter>
    <Filter Include="头文件\173">
      <UniqueIdentifier>{14f00ae7-1e7f-4d6f-965c-f685c206ae1d}</UniqueIdentifier>
    </Filter>
    <Filter Include="头文件\179">
      <UniqueIdentifier>{841d21fe-e011-4491-bdbb-4b57e8a334ab}</UniqueIdentifier>
    </Filter>
    <Filter Include="头文件\180">
      <UniqueIdentifier>{bb91243b-e789-463a-9773-a38736c27171}</UniqueIdentifier>
    </Filter>
    <Filter Include="头文件\181">
      <UniqueIdentifier>{029afd80-524a-4c14-b652-50557f071259}</UniqueIdentifier>
    </Filter>
    <Filter Include="头文件\182">
      <UniqueIdentifier>{c8192854-4898-42dd-9b32-c6d75df5e63a}</UniqueIdentifier>
    </Filter>
    <Filter Include="头文件\183">
      <UniqueIdentifier>{0a9c076a-c574-49be-9056-40f7b29d3560}</UniqueIdentifier>
    </Filter>
    <Filter Include="头文件\185">
      <UniqueIdentifier>{74b35042-a56c-45c8-bf3a-a0bab08f4572}</UniqueIdentifier>
    </Filter>
    <Filter Include="头文件\186">
      <UniqueIdentifier>{0bc828df-b7a1-4026-ae7d-f4b4543d6345}</UniqueIdentifier>
    </Filter>
    <Filter Include="头文件\187">
      <UniqueIdentifier>{9c1481f1-76ab-4337-922c-2d7535215604}</UniqueIdentifier>
    </Filter>
    <Filter Include="头文件\190">
      <UniqueIdentifier>{c4d7ae79-6ecd-4891-b7aa-c98607442aff}</UniqueIdentifier>
    </Filter>
    <Filter Include="头文件\193">
      <UniqueIdentifier>{e2e2d937-3da7-48b1-9d6b-3c9408486af3}</UniqueIdentifier>
    </Filter>
    <Filter Include="头文件\194">
      <UniqueIdentifier>{b80f7481-0973-4a85-a17b-032a5935d4bb}</UniqueIdentifier>
    </Filter>
    <Filter Include="头文件\196">
      <UniqueIdentifier>{6c3d8c13-d9f4-4a46-96f6-7ca665fbf3b5}</UniqueIdentifier>
    </Filter>
    <Filter Include="头文件\197">
      <UniqueIdentifier>{8a33010f-7ca7-4a7a-a31c-4c3dd5e9abbe}</UniqueIdentifier>
    </Filter>
  </ItemGroup>
  <ItemGroup>
    <ClInclude Include="131\5016.hpp">
      <Filter>头文件\131</Filter>
    </ClInclude>
    <ClInclude Include="131\5017.hpp">
      <Filter>头文件\131</Filter>
    </ClInclude>
    <ClInclude Include="131\5018.hpp">
      <Filter>头文件\131</Filter>
    </ClInclude>
    <ClInclude Include="131\5019.hpp">
      <Filter>头文件\131</Filter>
    </ClInclude>
    <ClInclude Include="132\5024.hpp">
      <Filter>头文件\132</Filter>
    </ClInclude>
    <ClInclude Include="132\5025.hpp">
      <Filter>头文件\132</Filter>
    </ClInclude>
    <ClInclude Include="132\5030.hpp">
      <Filter>头文件\132</Filter>
    </ClInclude>
    <ClInclude Include="132\5031.hpp">
      <Filter>头文件\132</Filter>
    </ClInclude>
    <ClInclude Include="133\1032.hpp">
      <Filter>头文件\133</Filter>
    </ClInclude>
    <ClInclude Include="1104.hpp">
      <Filter>头文件\143</Filter>
    </ClInclude>
    <ClInclude Include="1103.hpp">
      <Filter>头文件\143</Filter>
    </ClInclude>
    <ClInclude Include="1106.hpp">
      <Filter>头文件\143</Filter>
    </ClInclude>
    <ClInclude Include="5117.hpp">
      <Filter>头文件\144</Filter>
    </ClInclude>
    <ClInclude Include="5118.hpp">
      <Filter>头文件\144</Filter>
    </ClInclude>
    <ClInclude Include="5119.hpp">
      <Filter>头文件\144</Filter>
    </ClInclude>
    <ClInclude Include="5247.hpp">
      <Filter>头文件\161</Filter>
    </ClInclude>
    <ClInclude Include="5248.hpp">
      <Filter>头文件\161</Filter>
    </ClInclude>
    <ClInclude Include="5249.hpp">
      <Filter>头文件\161</Filter>
    </ClInclude>
    <ClInclude Include="5250.hpp">
      <Filter>头文件\161</Filter>
    </ClInclude>
    <ClInclude Include="5255.hpp">
      <Filter>头文件\162</Filter>
    </ClInclude>
    <ClInclude Include="5256.hpp">
      <Filter>头文件\162</Filter>
    </ClInclude>
    <ClInclude Include="5257.hpp">
      <Filter>头文件\162</Filter>
    </ClInclude>
    <ClInclude Include="5258.hpp">
      <Filter>头文件\162</Filter>
    </ClInclude>
    <ClInclude Include="5263.hpp">
      <Filter>头文件\163</Filter>
    </ClInclude>
    <ClInclude Include="5264.hpp">
      <Filter>头文件\163</Filter>
    </ClInclude>
    <ClInclude Include="5265.hpp">
      <Filter>头文件\163</Filter>
    </ClInclude>
    <ClInclude Include="5266.hpp">
      <Filter>头文件\163</Filter>
    </ClInclude>
    <ClInclude Include="5275.hpp">
      <Filter>头文件\165</Filter>
    </ClInclude>
    <ClInclude Include="5276.hpp">
      <Filter>头文件\165</Filter>
    </ClInclude>
    <ClInclude Include="5277.hpp">
      <Filter>头文件\165</Filter>
    </ClInclude>
    <ClInclude Include="5291.hpp">
      <Filter>头文件\168</Filter>
    </ClInclude>
    <ClInclude Include="5292.hpp">
      <Filter>头文件\168</Filter>
    </ClInclude>
    <ClInclude Include="5293.hpp">
      <Filter>头文件\168</Filter>
    </ClInclude>
    <ClInclude Include="5295.hpp">
      <Filter>头文件\169</Filter>
    </ClInclude>
    <ClInclude Include="5296.hpp">
      <Filter>头文件\169</Filter>
    </ClInclude>
    <ClInclude Include="5297.hpp">
      <Filter>头文件\169</Filter>
    </ClInclude>
    <ClInclude Include="5298.hpp">
      <Filter>头文件\169</Filter>
    </ClInclude>
    <ClInclude Include="5303.hpp">
      <Filter>头文件\170</Filter>
    </ClInclude>
    <ClInclude Include="5304.hpp">
      <Filter>头文件\170</Filter>
    </ClInclude>
    <ClInclude Include="5305.hpp">
      <Filter>头文件\170</Filter>
    </ClInclude>
    <ClInclude Include="5306.hpp">
      <Filter>头文件\170</Filter>
    </ClInclude>
    <ClInclude Include="5307.hpp">
      <Filter>头文件\171</Filter>
    </ClInclude>
    <ClInclude Include="5308.hpp">
      <Filter>头文件\171</Filter>
    </ClInclude>
    <ClInclude Include="5309.hpp">
      <Filter>头文件\171</Filter>
    </ClInclude>
    <ClInclude Include="5310.hpp">
      <Filter>头文件\171</Filter>
    </ClInclude>
    <ClInclude Include="5315.hpp">
      <Filter>头文件\172</Filter>
    </ClInclude>
    <ClInclude Include="5316.hpp">
      <Filter>头文件\172</Filter>
    </ClInclude>
    <ClInclude Include="5317.hpp">
      <Filter>头文件\172</Filter>
    </ClInclude>
    <ClInclude Include="5318.hpp">
      <Filter>头文件\172</Filter>
    </ClInclude>
    <ClInclude Include="5319.hpp">
      <Filter>头文件\173</Filter>
    </ClInclude>
    <ClInclude Include="5320.hpp">
      <Filter>头文件\173</Filter>
    </ClInclude>
    <ClInclude Include="5321.hpp">
      <Filter>头文件\173</Filter>
    </ClInclude>
    <ClInclude Include="5322.hpp">
      <Filter>头文件\173</Filter>
    </ClInclude>
    <ClInclude Include="5352.hpp">
      <Filter>头文件\179</Filter>
    </ClInclude>
    <ClInclude Include="5353.hpp">
      <Filter>头文件\179</Filter>
    </ClInclude>
    <ClInclude Include="5354.hpp">
      <Filter>头文件\179</Filter>
    </ClInclude>
    <ClInclude Include="5355.hpp">
      <Filter>头文件\179</Filter>
    </ClInclude>
    <ClInclude Include="5356.hpp">
      <Filter>头文件\180</Filter>
    </ClInclude>
    <ClInclude Include="5357.hpp">
      <Filter>头文件\180</Filter>
    </ClInclude>
    <ClInclude Include="5179.hpp">
      <Filter>头文件\180</Filter>
    </ClInclude>
    <ClInclude Include="5359.hpp">
      <Filter>头文件\180</Filter>
    </ClInclude>
    <ClInclude Include="5364.hpp">
      <Filter>头文件\181</Filter>
    </ClInclude>
    <ClInclude Include="5178.hpp">
      <Filter>头文件\181</Filter>
    </ClInclude>
    <ClInclude Include="5366.hpp">
      <Filter>头文件\181</Filter>
    </ClInclude>
    <ClInclude Include="5367.hpp">
      <Filter>头文件\181</Filter>
    </ClInclude>
    <ClInclude Include="5368.hpp">
      <Filter>头文件\182</Filter>
    </ClInclude>
    <ClInclude Include="5369.hpp">
      <Filter>头文件\182</Filter>
    </ClInclude>
    <ClInclude Include="5370.hpp">
      <Filter>头文件\182</Filter>
    </ClInclude>
    <ClInclude Include="5371.hpp">
      <Filter>头文件\182</Filter>
    </ClInclude>
    <ClInclude Include="5376.hpp">
      <Filter>头文件\183</Filter>
    </ClInclude>
    <ClInclude Include="5377.hpp">
      <Filter>头文件\183</Filter>
    </ClInclude>
    <ClInclude Include="5195.hpp">
      <Filter>头文件\183</Filter>
    </ClInclude>
    <ClInclude Include="5388.hpp">
      <Filter>头文件\185</Filter>
    </ClInclude>
    <ClInclude Include="5389.hpp">
      <Filter>头文件\185</Filter>
    </ClInclude>
    <ClInclude Include="5390.hpp">
      <Filter>头文件\185</Filter>
    </ClInclude>
    <ClInclude Include="5392.hpp">
      <Filter>头文件\186</Filter>
    </ClInclude>
    <ClInclude Include="5393.hpp">
      <Filter>头文件\186</Filter>
    </ClInclude>
    <ClInclude Include="5394.hpp">
      <Filter>头文件\186</Filter>
    </ClInclude>
    <ClInclude Include="5400.hpp">
      <Filter>头文件\187</Filter>
    </ClInclude>
    <ClInclude Include="5401.hpp">
      <Filter>头文件\187</Filter>
    </ClInclude>
    <ClInclude Include="5402.hpp">
      <Filter>头文件\187</Filter>
    </ClInclude>
    <ClInclude Include="5403.hpp">
      <Filter>头文件\187</Filter>
    </ClInclude>
    <ClInclude Include="5416.hpp">
      <Filter>头文件\190</Filter>
    </ClInclude>
    <ClInclude Include="5417.hpp">
      <Filter>头文件\190</Filter>
    </ClInclude>
    <ClInclude Include="5418.hpp">
      <Filter>头文件\190</Filter>
    </ClInclude>
    <ClInclude Include="5419.hpp">
      <Filter>头文件\190</Filter>
    </ClInclude>
    <ClInclude Include="5436.hpp">
      <Filter>头文件\193</Filter>
    </ClInclude>
    <ClInclude Include="5437.hpp">
      <Filter>头文件\193</Filter>
    </ClInclude>
    <ClInclude Include="5438.hpp">
      <Filter>头文件\193</Filter>
    </ClInclude>
    <ClInclude Include="5188.hpp">
      <Filter>头文件\193</Filter>
    </ClInclude>
    <ClInclude Include="5440.hpp">
      <Filter>头文件\194</Filter>
    </ClInclude>
    <ClInclude Include="5441.hpp">
      <Filter>头文件\194</Filter>
    </ClInclude>
    <ClInclude Include="5442.hpp">
      <Filter>头文件\194</Filter>
    </ClInclude>
    <ClInclude Include="5452.hpp">
      <Filter>头文件\196</Filter>
    </ClInclude>
    <ClInclude Include="5453.hpp">
      <Filter>头文件\196</Filter>
    </ClInclude>
    <ClInclude Include="5454.hpp">
      <Filter>头文件\196</Filter>
    </ClInclude>
    <ClInclude Include="5460.hpp">
      <Filter>头文件\197</Filter>
    </ClInclude>
    <ClInclude Include="5461.hpp">
      <Filter>头文件\197</Filter>
    </ClInclude>
    <ClInclude Include="5211.hpp">
      <Filter>头文件\197</Filter>
    </ClInclude>
  </ItemGroup>
</Project>