<?xml version="1.0" encoding="utf-8"?>
<Project ToolsVersion="4.0" xmlns="http://schemas.microsoft.com/developer/msbuild/2003">
  <ItemGroup>
    <Filter Include="源文件">
      <UniqueIdentifier>{4FC737F1-C7A5-4376-A066-2A32D752A2FF}</UniqueIdentifier>
      <Extensions>cpp;c;cc;cxx;def;odl;idl;hpj;bat;asm;asmx</Extensions>
    </Filter>
    <Filter Include="头文件">
      <UniqueIdentifier>{93995380-89BD-4b04-88EB-625FBE52EBFB}</UniqueIdentifier>
      <Extensions>h;hh;hpp;hxx;hm;inl;inc;ipp;xsd</Extensions>
    </Filter>
    <Filter Include="资源文件">
      <UniqueIdentifier>{67DA6AB6-F800-4c08-8B7A-83BB121AAD01}</UniqueIdentifier>
      <Extensions>rc;ico;cur;bmp;dlg;rc2;rct;bin;rgs;gif;jpg;jpeg;jpe;resx;tiff;tif;png;wav;mfcribbon-ms</Extensions>
    </Filter>
    <Filter Include="头文件\131">
      <UniqueIdentifier>{86c66e8e-d102-45bd-afe8-11041419a138}</UniqueIdentifier>
    </Filter>
    <Filter Include="头文件\132">
      <UniqueIdentifier>{8a1b506b-1bd5-4a89-bdb5-f852b2e93bb7}</UniqueIdentifier>
    </Filter>
    <Filter Include="头文件\133">
      <UniqueIdentifier>{53c050d4-5db3-46b4-a7ef-0f8a41f3da6b}</UniqueIdentifier>
    </Filter>
    <Filter Include="头文件\143">
      <UniqueIdentifier>{128859ac-06f4-40b3-bc1d-b35b37d3dbe0}</UniqueIdentifier>
    </Filter>
    <Filter Include="头文件\144">
      <UniqueIdentifier>{92e67be5-3c16-4cf5-ac83-e9cde68774b3}</UniqueIdentifier>
    </Filter>
    <Filter Include="头文件\161">
      <UniqueIdentifier>{ed3b5583-d8fd-4dca-a37e-d9945fa57cdf}</UniqueIdentifier>
    </Filter>
    <Filter Include="头文件\162">
      <UniqueIdentifier>{ab6b48d6-abd5-4427-824d-2e0ae1d8d875}</UniqueIdentifier>
    </Filter>
    <Filter Include="头文件\163">
      <UniqueIdentifier>{67155bbb-e117-402a-b8a6-270d5141ef51}</UniqueIdentifier>
    </Filter>
    <Filter Include="头文件\165">
      <UniqueIdentifier>{d6560fe4-8633-4fea-a102-be2ad8b285a9}</UniqueIdentifier>
    </Filter>
    <Filter Include="头文件\168">
      <UniqueIdentifier>{11311f2c-d78f-497b-8651-d317e5d72b52}</UniqueIdentifier>
    </Filter>
    <Filter Include="头文件\169">
      <UniqueIdentifier>{21fb887d-f428-4d6e-ba6b-ee137a8a880a}</UniqueIdentifier>
    </Filter>
    <Filter Include="头文件\170">
      <UniqueIdentifier>{e68dfacb-d3a2-4915-b47e-2a545c80e59f}</UniqueIdentifier>
    </Filter>
    <Filter Include="头文件\171">
      <UniqueIdentifier>{c8ec1163-4a8b-4fef-8fe9-87c41809d79c}</UniqueIdentifier>
    </Filter>
  </ItemGroup>
  <ItemGroup>
    <ClInclude Include="131\5016.hpp">
      <Filter>头文件\131</Filter>
    </ClInclude>
    <ClInclude Include="131\5017.hpp">
      <Filter>头文件\131</Filter>
    </ClInclude>
    <ClInclude Include="131\5018.hpp">
      <Filter>头文件\131</Filter>
    </ClInclude>
    <ClInclude Include="131\5019.hpp">
      <Filter>头文件\131</Filter>
    </ClInclude>
    <ClInclude Include="132\5024.hpp">
      <Filter>头文件\132</Filter>
    </ClInclude>
    <ClInclude Include="132\5025.hpp">
      <Filter>头文件\132</Filter>
    </ClInclude>
    <ClInclude Include="132\5030.hpp">
      <Filter>头文件\132</Filter>
    </ClInclude>
    <ClInclude Include="132\5031.hpp">
      <Filter>头文件\132</Filter>
    </ClInclude>
    <ClInclude Include="133\1032.hpp">
      <Filter>头文件\133</Filter>
    </ClInclude>
    <ClInclude Include="1104.hpp">
      <Filter>头文件\143</Filter>
    </ClInclude>
    <ClInclude Include="1103.hpp">
      <Filter>头文件\143</Filter>
    </ClInclude>
    <ClInclude Include="1106.hpp">
      <Filter>头文件\143</Filter>
    </ClInclude>
    <ClInclude Include="5117.hpp">
      <Filter>头文件\144</Filter>
    </ClInclude>
    <ClInclude Include="5118.hpp">
      <Filter>头文件\144</Filter>
    </ClInclude>
    <ClInclude Include="5119.hpp">
      <Filter>头文件\144</Filter>
    </ClInclude>
    <ClInclude Include="5247.hpp">
      <Filter>头文件\161</Filter>
    </ClInclude>
    <ClInclude Include="5248.hpp">
      <Filter>头文件\161</Filter>
    </ClInclude>
    <ClInclude Include="5249.hpp">
      <Filter>头文件\161</Filter>
    </ClInclude>
    <ClInclude Include="5250.hpp">
      <Filter>头文件\161</Filter>
    </ClInclude>
    <ClInclude Include="5255.hpp">
      <Filter>头文件\162</Filter>
    </ClInclude>
    <ClInclude Include="5256.hpp">
      <Filter>头文件\162</Filter>
    </ClInclude>
    <ClInclude Include="5257.hpp">
      <Filter>头文件\162</Filter>
    </ClInclude>
    <ClInclude Include="5258.hpp">
      <Filter>头文件\162</Filter>
    </ClInclude>
    <ClInclude Include="5263.hpp">
      <Filter>头文件\163</Filter>
    </ClInclude>
    <ClInclude Include="5264.hpp">
      <Filter>头文件\163</Filter>
    </ClInclude>
    <ClInclude Include="5265.hpp">
      <Filter>头文件\163</Filter>
    </ClInclude>
    <ClInclude Include="5266.hpp">
      <Filter>头文件\163</Filter>
    </ClInclude>
    <ClInclude Include="5275.hpp">
      <Filter>头文件\165</Filter>
    </ClInclude>
    <ClInclude Include="5276.hpp">
      <Filter>头文件\165</Filter>
    </ClInclude>
    <ClInclude Include="5277.hpp">
      <Filter>头文件\165</Filter>
    </ClInclude>
    <ClInclude Include="5291.hpp">
      <Filter>头文件\168</Filter>
    </ClInclude>
    <ClInclude Include="5292.hpp">
      <Filter>头文件\168</Filter>
    </ClInclude>
    <ClInclude Include="5293.hpp">
      <Filter>头文件\168</Filter>
    </ClInclude>
    <ClInclude Include="5295.hpp">
      <Filter>头文件\169</Filter>
    </ClInclude>
    <ClInclude Include="5296.hpp">
      <Filter>头文件\169</Filter>
    </ClInclude>
    <ClInclude Include="5297.hpp">
      <Filter>头文件\169</Filter>
    </ClInclude>
    <ClInclude Include="5298.hpp">
      <Filter>头文件\169</Filter>
    </ClInclude>
    <ClInclude Include="5303.hpp">
      <Filter>头文件\170</Filter>
    </ClInclude>
    <ClInclude Include="5304.hpp">
      <Filter>头文件\170</Filter>
    </ClInclude>
    <ClInclude Include="5305.hpp">
      <Filter>头文件\170</Filter>
    </ClInclude>
    <ClInclude Include="5306.hpp">
      <Filter>头文件\170</Filter>
    </ClInclude>
    <ClInclude Include="5307.hpp">
      <Filter>头文件\171</Filter>
    </ClInclude>
    <ClInclude Include="5308.hpp">
      <Filter>头文件\171</Filter>
    </ClInclude>
    <ClInclude Include="5309.hpp">
      <Filter>头文件\171</Filter>
    </ClInclude>
    <ClInclude Include="5310.hpp">
      <Filter>头文件\171</Filter>
    </ClInclude>
  </ItemGroup>
</Project>