<?xml version="1.0" encoding="utf-8"?>
<Project ToolsVersion="4.0" xmlns="http://schemas.microsoft.com/developer/msbuild/2003">
  <ItemGroup>
    <Filter Include="源文件">
      <UniqueIdentifier>{4FC737F1-C7A5-4376-A066-2A32D752A2FF}</UniqueIdentifier>
      <Extensions>cpp;c;cc;cxx;def;odl;idl;hpj;bat;asm;asmx</Extensions>
    </Filter>
    <Filter Include="头文件">
      <UniqueIdentifier>{93995380-89BD-4b04-88EB-625FBE52EBFB}</UniqueIdentifier>
      <Extensions>h;hh;hpp;hxx;hm;inl;inc;ipp;xsd</Extensions>
    </Filter>
    <Filter Include="资源文件">
      <UniqueIdentifier>{67DA6AB6-F800-4c08-8B7A-83BB121AAD01}</UniqueIdentifier>
      <Extensions>rc;ico;cur;bmp;dlg;rc2;rct;bin;rgs;gif;jpg;jpeg;jpe;resx;tiff;tif;png;wav;mfcribbon-ms</Extensions>
    </Filter>
    <Filter Include="头文件\131">
      <UniqueIdentifier>{86c66e8e-d102-45bd-afe8-11041419a138}</UniqueIdentifier>
    </Filter>
    <Filter Include="头文件\132">
      <UniqueIdentifier>{8a1b506b-1bd5-4a89-bdb5-f852b2e93bb7}</UniqueIdentifier>
    </Filter>
    <Filter Include="头文件\133">
      <UniqueIdentifier>{53c050d4-5db3-46b4-a7ef-0f8a41f3da6b}</UniqueIdentifier>
    </Filter>
    <Filter Include="头文件\143">
      <UniqueIdentifier>{128859ac-06f4-40b3-bc1d-b35b37d3dbe0}</UniqueIdentifier>
    </Filter>
  </ItemGroup>
  <ItemGroup>
    <ClInclude Include="131\5016.hpp">
      <Filter>头文件\131</Filter>
    </ClInclude>
    <ClInclude Include="131\5017.hpp">
      <Filter>头文件\131</Filter>
    </ClInclude>
    <ClInclude Include="131\5018.hpp">
      <Filter>头文件\131</Filter>
    </ClInclude>
    <ClInclude Include="131\5019.hpp">
      <Filter>头文件\131</Filter>
    </ClInclude>
    <ClInclude Include="132\5024.hpp">
      <Filter>头文件\132</Filter>
    </ClInclude>
    <ClInclude Include="132\5025.hpp">
      <Filter>头文件\132</Filter>
    </ClInclude>
    <ClInclude Include="132\5030.hpp">
      <Filter>头文件\132</Filter>
    </ClInclude>
    <ClInclude Include="132\5031.hpp">
      <Filter>头文件\132</Filter>
    </ClInclude>
    <ClInclude Include="133\1032.hpp">
      <Filter>头文件\133</Filter>
    </ClInclude>
    <ClInclude Include="1104.hpp">
      <Filter>头文件\143</Filter>
    </ClInclude>
    <ClInclude Include="1103.hpp">
      <Filter>头文件\143</Filter>
    </ClInclude>
    <ClInclude Include="1106.hpp">
      <Filter>头文件\143</Filter>
    </ClInclude>
  </ItemGroup>
</Project>